
Microsoft Visual Studio Solution File, Format Version 12.00
# Visual Studio Version 17
VisualStudioVersion = 17.14.36310.24 d17.14
MinimumVisualStudioVersion = 10.0.40219.1
Project("{FAE04EC0-301F-11D3-BF4B-00C04F79EFBC}") = "Aula_0", "Aula_0\Aula_0.csproj", "{C9249ABC-7B60-4E3E-AEDF-890979BFECAE}"
EndProject
Global
	GlobalSection(SolutionConfigurationPlatforms) = preSolution
		Debug|Any CPU = Debug|Any CPU
		Release|Any CPU = Release|Any CPU
	EndGlobalSection
	GlobalSection(ProjectConfigurationPlatforms) = postSolution
		{C9249ABC-7B60-4E3E-AEDF-890979BFECAE}.Debug|Any CPU.ActiveCfg = Debug|Any CPU
		{C9249ABC-7B60-4E3E-AEDF-890979BFECAE}.Debug|Any CPU.Build.0 = Debug|Any CPU
		{C9249ABC-7B60-4E3E-AEDF-890979BFECAE}.Release|Any CPU.ActiveCfg = Release|Any CPU
		{C9249ABC-7B60-4E3E-AEDF-890979BFECAE}.Release|Any CPU.Build.0 = Release|Any CPU
	EndGlobalSection
	GlobalSection(SolutionProperties) = preSolution
		HideSolutionNode = FALSE
	EndGlobalSection
	GlobalSection(ExtensibilityGlobals) = postSolution
		SolutionGuid = {FFE18C97-7800-4CA7-9086-7639BBE645D8}
	EndGlobalSection
EndGlobal
