
Microsoft Visual Studio Solution File, Format Version 12.00
# Visual Studio Version 17
VisualStudioVersion = 17.14.36310.24 d17.14
MinimumVisualStudioVersion = 10.0.40219.1
Project("{FAE04EC0-301F-11D3-BF4B-00C04F79EFBC}") = "Aula_1", "Aula_1\Aula_1.csproj", "{3C679156-33B3-4325-B5B1-4107E05835DB}"
EndProject
Global
	GlobalSection(SolutionConfigurationPlatforms) = preSolution
		Debug|Any CPU = Debug|Any CPU
		Release|Any CPU = Release|Any CPU
	EndGlobalSection
	GlobalSection(ProjectConfigurationPlatforms) = postSolution
		{3C679156-33B3-4325-B5B1-4107E05835DB}.Debug|Any CPU.ActiveCfg = Debug|Any CPU
		{3C679156-33B3-4325-B5B1-4107E05835DB}.Debug|Any CPU.Build.0 = Debug|Any CPU
		{3C679156-33B3-4325-B5B1-4107E05835DB}.Release|Any CPU.ActiveCfg = Release|Any CPU
		{3C679156-33B3-4325-B5B1-4107E05835DB}.Release|Any CPU.Build.0 = Release|Any CPU
	EndGlobalSection
	GlobalSection(SolutionProperties) = preSolution
		HideSolutionNode = FALSE
	EndGlobalSection
	GlobalSection(ExtensibilityGlobals) = postSolution
		SolutionGuid = {3536742D-3D32-4B62-BB29-7F32F27F0216}
	EndGlobalSection
EndGlobal
